
Microsoft Visual Studio Solution File, Format Version 12.00
# Visual Studio 14
VisualStudioVersion = 14.0.23107.0
MinimumVisualStudioVersion = 10.0.40219.1
Project("{FAE04EC0-301F-11D3-BF4B-00C04F79EFBC}") = "MicrosoftCatalog", "MicrosoftCatalog\MicrosoftCatalog.csproj", "{F94A1C1C-A6C1-4023-AF78-25F0C8001895}"
EndProject
Global
	GlobalSection(SolutionConfigurationPlatforms) = preSolution
		Debug|Any CPU = Debug|Any CPU
		Release|Any CPU = Release|Any CPU
	EndGlobalSection
	GlobalSection(ProjectConfigurationPlatforms) = postSolution
		{F94A1C1C-A6C1-4023-AF78-25F0C8001895}.Debug|Any CPU.ActiveCfg = Debug|Any CPU
		{F94A1C1C-A6C1-4023-AF78-25F0C8001895}.Debug|Any CPU.Build.0 = Debug|Any CPU
		{F94A1C1C-A6C1-4023-AF78-25F0C8001895}.Debug|Any CPU.Deploy.0 = Debug|Any CPU
		{F94A1C1C-A6C1-4023-AF78-25F0C8001895}.Release|Any CPU.ActiveCfg = Release|Any CPU
		{F94A1C1C-A6C1-4023-AF78-25F0C8001895}.Release|Any CPU.Build.0 = Release|Any CPU
		{F94A1C1C-A6C1-4023-AF78-25F0C8001895}.Release|Any CPU.Deploy.0 = Release|Any CPU
	EndGlobalSection
	GlobalSection(SolutionProperties) = preSolution
		HideSolutionNode = FALSE
	EndGlobalSection
EndGlobal
